
Microsoft Visual Studio Solution File, Format Version 12.00
# Visual Studio Version 16
VisualStudioVersion = 16.0.31313.79
MinimumVisualStudioVersion = 10.0.40219.1
Project("{FAE04EC0-301F-11D3-BF4B-00C04F79EFBC}") = "THE-EMPERORS", "THE-EMPERORS\THE-EMPERORS.csproj", "{2D7E3D1B-14B8-4550-8838-234C54D93C8E}"
EndProject
Global
	GlobalSection(SolutionConfigurationPlatforms) = preSolution
		Debug|Any CPU = Debug|Any CPU
		Release|Any CPU = Release|Any CPU
	EndGlobalSection
	GlobalSection(ProjectConfigurationPlatforms) = postSolution
		{2D7E3D1B-14B8-4550-8838-234C54D93C8E}.Debug|Any CPU.ActiveCfg = Debug|Any CPU
		{2D7E3D1B-14B8-4550-8838-234C54D93C8E}.Debug|Any CPU.Build.0 = Debug|Any CPU
		{2D7E3D1B-14B8-4550-8838-234C54D93C8E}.Release|Any CPU.ActiveCfg = Release|Any CPU
		{2D7E3D1B-14B8-4550-8838-234C54D93C8E}.Release|Any CPU.Build.0 = Release|Any CPU
	EndGlobalSection
	GlobalSection(SolutionProperties) = preSolution
		HideSolutionNode = FALSE
	EndGlobalSection
	GlobalSection(ExtensibilityGlobals) = postSolution
		SolutionGuid = {D8E9C4BC-EB09-4A1C-8C15-EBE8A3E7C8C1}
	EndGlobalSection
EndGlobal
